
Microsoft Visual Studio Solution File, Format Version 12.00
# Visual Studio Version 17
VisualStudioVersion = 17.4.33205.214
MinimumVisualStudioVersion = 10.0.40219.1
Project("{FAE04EC0-301F-11D3-BF4B-00C04F79EFBC}") = "Bot .net core 6.0", "Bot .net core 6.0\Bot .net core 6.0.csproj", "{830A930D-3921-4747-B347-656163C59DC5}"
EndProject
Global
	GlobalSection(SolutionConfigurationPlatforms) = preSolution
		Debug|Any CPU = Debug|Any CPU
		Release|Any CPU = Release|Any CPU
	EndGlobalSection
	GlobalSection(ProjectConfigurationPlatforms) = postSolution
		{830A930D-3921-4747-B347-656163C59DC5}.Debug|Any CPU.ActiveCfg = Debug|Any CPU
		{830A930D-3921-4747-B347-656163C59DC5}.Debug|Any CPU.Build.0 = Debug|Any CPU
		{830A930D-3921-4747-B347-656163C59DC5}.Release|Any CPU.ActiveCfg = Release|Any CPU
		{830A930D-3921-4747-B347-656163C59DC5}.Release|Any CPU.Build.0 = Release|Any CPU
	EndGlobalSection
	GlobalSection(SolutionProperties) = preSolution
		HideSolutionNode = FALSE
	EndGlobalSection
	GlobalSection(ExtensibilityGlobals) = postSolution
		SolutionGuid = {1204A7EF-A817-4B96-83E3-9DF23D209DC5}
	EndGlobalSection
EndGlobal
